<?xml version="1.0" encoding="utf-8"?>
<Project ToolsVersion="4.0" xmlns="http://schemas.microsoft.com/developer/msbuild/2003">
  <ItemGroup>
    <Filter Include="소스 파일">
      <UniqueIdentifier>{4FC737F1-C7A5-4376-A066-2A32D752A2FF}</UniqueIdentifier>
      <Extensions>cpp;c;cc;cxx;c++;cppm;ixx;def;odl;idl;hpj;bat;asm;asmx</Extensions>
    </Filter>
    <Filter Include="헤더 파일">
      <UniqueIdentifier>{93995380-89BD-4b04-88EB-625FBE52EBFB}</UniqueIdentifier>
      <Extensions>h;hh;hpp;hxx;h++;hm;inl;inc;ipp;xsd</Extensions>
    </Filter>
    <Filter Include="리소스 파일">
      <UniqueIdentifier>{67DA6AB6-F800-4c08-8B7A-83BB121AAD01}</UniqueIdentifier>
      <Extensions>rc;ico;cur;bmp;dlg;rc2;rct;bin;rgs;gif;jpg;jpeg;jpe;resx;tiff;tif;png;wav;mfcribbon-ms</Extensions>
    </Filter>
    <Filter Include="소스 파일\imgui">
      <UniqueIdentifier>{00364f73-20e5-4f03-a289-48643ecc27e0}</UniqueIdentifier>
    </Filter>
    <Filter Include="헤더 파일\Imgui.h">
      <UniqueIdentifier>{7472c848-a08f-4e91-8eb8-a8e31de1e901}</UniqueIdentifier>
    </Filter>
    <Filter Include="소스 파일\imgui\backends">
      <UniqueIdentifier>{5fa242b7-26df-454c-a689-9c76d73713a4}</UniqueIdentifier>
    </Filter>
    <Filter Include="헤더 파일\Imgui.h\backends.h">
      <UniqueIdentifier>{17252cb0-f125-4cfa-8ba3-b36df04f1668}</UniqueIdentifier>
    </Filter>
    <Filter Include="헤더 파일\Include">
      <UniqueIdentifier>{bd55ac11-7165-4b8f-aa78-f3cb15e76310}</UniqueIdentifier>
    </Filter>
  </ItemGroup>
  <ItemGroup>
    <ClCompile Include="Window.cpp">
      <Filter>소스 파일</Filter>
    </ClCompile>
    <ClCompile Include="Device.cpp">
      <Filter>소스 파일</Filter>
    </ClCompile>
    <ClCompile Include="MainGame.cpp">
      <Filter>소스 파일</Filter>
    </ClCompile>
    <ClCompile Include="imgui\imgui.cpp">
      <Filter>소스 파일\imgui</Filter>
    </ClCompile>
    <ClCompile Include="imgui\imgui_demo.cpp">
      <Filter>소스 파일\imgui</Filter>
    </ClCompile>
    <ClCompile Include="imgui\imgui_draw.cpp">
      <Filter>소스 파일\imgui</Filter>
    </ClCompile>
    <ClCompile Include="imgui\imgui_tables.cpp">
      <Filter>소스 파일\imgui</Filter>
    </ClCompile>
    <ClCompile Include="imgui\imgui_widgets.cpp">
      <Filter>소스 파일\imgui</Filter>
    </ClCompile>
    <ClCompile Include="imgui\backends\imgui_impl_dx11.cpp">
      <Filter>소스 파일\imgui\backends</Filter>
    </ClCompile>
    <ClCompile Include="imgui\backends\imgui_impl_win32.cpp">
      <Filter>소스 파일\imgui\backends</Filter>
    </ClCompile>
  </ItemGroup>
  <ItemGroup>
    <ClInclude Include="MainGame.h">
      <Filter>헤더 파일</Filter>
    </ClInclude>
    <ClInclude Include="imgui\imconfig.h">
      <Filter>헤더 파일\Imgui.h</Filter>
    </ClInclude>
    <ClInclude Include="imgui\imgui.h">
      <Filter>헤더 파일\Imgui.h</Filter>
    </ClInclude>
    <ClInclude Include="imgui\imgui_internal.h">
      <Filter>헤더 파일\Imgui.h</Filter>
    </ClInclude>
    <ClInclude Include="imgui\imstb_rectpack.h">
      <Filter>헤더 파일\Imgui.h</Filter>
    </ClInclude>
    <ClInclude Include="imgui\imstb_textedit.h">
      <Filter>헤더 파일\Imgui.h</Filter>
    </ClInclude>
    <ClInclude Include="imgui\imstb_truetype.h">
      <Filter>헤더 파일\Imgui.h</Filter>
    </ClInclude>
    <ClInclude Include="imgui\backends\imgui_impl_dx11.h">
      <Filter>헤더 파일\Imgui.h\backends.h</Filter>
    </ClInclude>
    <ClInclude Include="imgui\backends\imgui_impl_win32.h">
      <Filter>헤더 파일\Imgui.h\backends.h</Filter>
    </ClInclude>
    <ClInclude Include="Define.h">
      <Filter>헤더 파일\Include</Filter>
    </ClInclude>
    <ClInclude Include="Device.h">
      <Filter>헤더 파일\Include</Filter>
    </ClInclude>
    <ClInclude Include="Struct.h">
      <Filter>헤더 파일\Include</Filter>
    </ClInclude>
  </ItemGroup>
</Project>